
Microsoft Visual Studio Solution File, Format Version 10.00
# Visual Studio 2008
Project("{FAE04EC0-301F-11D3-BF4B-00C04F79EFBC}") = "VLCAxLib", "VLCAxLib\VLCAxLib.csproj", "{E880D319-3FAC-42A3-B9B0-4FB82DAA545C}"
EndProject
Project("{FAE04EC0-301F-11D3-BF4B-00C04F79EFBC}") = "VideoPlayer", "VideoPlayer\VideoPlayer.csproj", "{4DF1D3CA-C359-4728-BDAE-EF85C73EAB17}"
EndProject
Global
	GlobalSection(SolutionConfigurationPlatforms) = preSolution
		Debug|32bit = Debug|32bit
		Release|32bit = Release|32bit
	EndGlobalSection
	GlobalSection(ProjectConfigurationPlatforms) = postSolution
		{E880D319-3FAC-42A3-B9B0-4FB82DAA545C}.Debug|32bit.ActiveCfg = Debug|x86
		{E880D319-3FAC-42A3-B9B0-4FB82DAA545C}.Debug|32bit.Build.0 = Debug|x86
		{E880D319-3FAC-42A3-B9B0-4FB82DAA545C}.Release|32bit.ActiveCfg = Release|x86
		{E880D319-3FAC-42A3-B9B0-4FB82DAA545C}.Release|32bit.Build.0 = Release|x86
		{4DF1D3CA-C359-4728-BDAE-EF85C73EAB17}.Debug|32bit.ActiveCfg = Debug|x86
		{4DF1D3CA-C359-4728-BDAE-EF85C73EAB17}.Debug|32bit.Build.0 = Debug|x86
		{4DF1D3CA-C359-4728-BDAE-EF85C73EAB17}.Release|32bit.ActiveCfg = Release|x86
		{4DF1D3CA-C359-4728-BDAE-EF85C73EAB17}.Release|32bit.Build.0 = Release|x86
	EndGlobalSection
	GlobalSection(SolutionProperties) = preSolution
		HideSolutionNode = FALSE
	EndGlobalSection
EndGlobal
